
Microsoft Visual Studio Solution File, Format Version 12.00
# Visual Studio Version 17
VisualStudioVersion = 17.10.35027.167
MinimumVisualStudioVersion = 10.0.40219.1
Project("{FAE04EC0-301F-11D3-BF4B-00C04F79EFBC}") = "pruebaApiBackend", "pruebaApiBackend\pruebaApiBackend.csproj", "{154080FB-50F2-4FDB-888D-945E22196034}"
EndProject
Global
	GlobalSection(SolutionConfigurationPlatforms) = preSolution
		Debug|Any CPU = Debug|Any CPU
		Release|Any CPU = Release|Any CPU
	EndGlobalSection
	GlobalSection(ProjectConfigurationPlatforms) = postSolution
		{154080FB-50F2-4FDB-888D-945E22196034}.Debug|Any CPU.ActiveCfg = Debug|Any CPU
		{154080FB-50F2-4FDB-888D-945E22196034}.Debug|Any CPU.Build.0 = Debug|Any CPU
		{154080FB-50F2-4FDB-888D-945E22196034}.Release|Any CPU.ActiveCfg = Release|Any CPU
		{154080FB-50F2-4FDB-888D-945E22196034}.Release|Any CPU.Build.0 = Release|Any CPU
	EndGlobalSection
	GlobalSection(SolutionProperties) = preSolution
		HideSolutionNode = FALSE
	EndGlobalSection
	GlobalSection(ExtensibilityGlobals) = postSolution
		SolutionGuid = {253616ED-4DF4-48D6-A350-988B9525652F}
	EndGlobalSection
EndGlobal
